<?xml version="1.0" encoding="utf-8"?>
<Project ToolsVersion="4.0" xmlns="http://schemas.microsoft.com/developer/msbuild/2003">
  <ItemGroup>
    <Filter Include="Source Files">
      <UniqueIdentifier>{4FC737F1-C7A5-4376-A066-2A32D752A2FF}</UniqueIdentifier>
      <Extensions>cpp;c;cc;cxx;def;odl;idl;hpj;bat;asm;asmx</Extensions>
    </Filter>
    <Filter Include="Header Files">
      <UniqueIdentifier>{93995380-89BD-4b04-88EB-625FBE52EBFB}</UniqueIdentifier>
      <Extensions>h;hh;hpp;hxx;hm;inl;inc;xsd</Extensions>
    </Filter>
    <Filter Include="Resource Files">
      <UniqueIdentifier>{67DA6AB6-F800-4c08-8B7A-83BB121AAD01}</UniqueIdentifier>
      <Extensions>rc;ico;cur;bmp;dlg;rc2;rct;bin;rgs;gif;jpg;jpeg;jpe;resx;tiff;tif;png;wav;mfcribbon-ms</Extensions>
    </Filter>
    <Filter Include="Source Files\Engine">
      <UniqueIdentifier>{76a54a6e-eda1-4d97-a3e2-f3401d1c00a5}</UniqueIdentifier>
    </Filter>
    <Filter Include="Source Files\Engine\Shape">
      <UniqueIdentifier>{44c611cc-7473-4089-ae16-5812439e362e}</UniqueIdentifier>
    </Filter>
    <Filter Include="Source Files\Engine\Shaders">
      <UniqueIdentifier>{ed2203c7-fba0-4ce0-a640-f4539e433502}</UniqueIdentifier>
    </Filter>
    <Filter Include="Source Files\Editor">
      <UniqueIdentifier>{6b6f1290-43f4-464b-a160-af2cce2d3403}</UniqueIdentifier>
    </Filter>
    <Filter Include="Source Files\Engine\UI">
      <UniqueIdentifier>{9e1ef5b0-8bab-4c74-b49d-830f4653c3e9}</UniqueIdentifier>
    </Filter>
    <Filter Include="Source Files\Game">
      <UniqueIdentifier>{dd59a36e-ce86-428a-8aed-b415f8fb387a}</UniqueIdentifier>
    </Filter>
  </ItemGroup>
  <ItemGroup>
    <ClCompile Include="main.cpp">
      <Filter>Source Files</Filter>
    </ClCompile>
    <ClCompile Include="Box.cpp">
      <Filter>Source Files\Engine\Shape</Filter>
    </ClCompile>
    <ClCompile Include="Model.cpp">
      <Filter>Source Files\Engine</Filter>
    </ClCompile>
    <ClCompile Include="Mesh.cpp">
      <Filter>Source Files\Engine</Filter>
    </ClCompile>
    <ClCompile Include="Camera.cpp">
      <Filter>Source Files\Engine</Filter>
    </ClCompile>
    <ClCompile Include="..\..\glad\src\glad.c">
      <Filter>Source Files\Engine</Filter>
    </ClCompile>
    <ClCompile Include="stb_image.cpp">
      <Filter>Source Files\Engine</Filter>
    </ClCompile>
    <ClCompile Include="EditorUIManager.cpp">
      <Filter>Source Files\Editor</Filter>
    </ClCompile>
    <ClCompile Include="UIButton.cpp">
      <Filter>Source Files\Engine\UI</Filter>
    </ClCompile>
    <ClCompile Include="UIElement.cpp">
      <Filter>Source Files\Engine\UI</Filter>
    </ClCompile>
    <ClCompile Include="UIManager.cpp">
      <Filter>Source Files\Engine\UI</Filter>
    </ClCompile>
    <ClCompile Include="UIPanel.cpp">
      <Filter>Source Files\Engine\UI</Filter>
    </ClCompile>
    <ClCompile Include="UIContainer.cpp">
      <Filter>Source Files\Engine\UI</Filter>
    </ClCompile>
    <ClCompile Include="UIContainerHorizontal.cpp">
      <Filter>Source Files\Engine\UI</Filter>
    </ClCompile>
    <ClCompile Include="UIContainerVertical.cpp">
      <Filter>Source Files\Engine\UI</Filter>
    </ClCompile>
    <ClCompile Include="UIWindow.cpp">
      <Filter>Source Files\Engine\UI</Filter>
    </ClCompile>
    <ClCompile Include="LogManager.cpp">
      <Filter>Source Files\Engine</Filter>
    </ClCompile>
    <ClCompile Include="GameUIManager.cpp">
      <Filter>Source Files\Game</Filter>
    </ClCompile>
    <ClCompile Include="UICheckBox.cpp">
      <Filter>Source Files\Engine\UI</Filter>
    </ClCompile>
    <ClCompile Include="UIMenuPanel.cpp">
      <Filter>Source Files\Engine\UI</Filter>
    </ClCompile>
    <ClCompile Include="ResourceManager.cpp">
      <Filter>Source Files\Engine</Filter>
    </ClCompile>
    <ClCompile Include="CameraManager.cpp">
      <Filter>Source Files\Engine</Filter>
    </ClCompile>
    <ClCompile Include="FileWatcher.cpp">
      <Filter>Source Files\Engine</Filter>
    </ClCompile>
  </ItemGroup>
  <ItemGroup>
    <ClInclude Include="stb_image.h">
      <Filter>Source Files\Engine</Filter>
    </ClInclude>
    <ClInclude Include="Shader.h">
      <Filter>Source Files\Engine</Filter>
    </ClInclude>
    <ClInclude Include="Model.h">
      <Filter>Source Files\Engine</Filter>
    </ClInclude>
    <ClInclude Include="Mesh.h">
      <Filter>Source Files\Engine</Filter>
    </ClInclude>
    <ClInclude Include="FileWatcher.h">
      <Filter>Source Files\Engine</Filter>
    </ClInclude>
    <ClInclude Include="Data.h">
      <Filter>Source Files\Engine</Filter>
    </ClInclude>
    <ClInclude Include="Camera.h">
      <Filter>Source Files\Engine</Filter>
    </ClInclude>
    <ClInclude Include="Box.h">
      <Filter>Source Files\Engine\Shape</Filter>
    </ClInclude>
    <ClInclude Include="EditorUIManager.h">
      <Filter>Source Files\Editor</Filter>
    </ClInclude>
    <ClInclude Include="UIButton.h">
      <Filter>Source Files\Engine\UI</Filter>
    </ClInclude>
    <ClInclude Include="UIElement.h">
      <Filter>Source Files\Engine\UI</Filter>
    </ClInclude>
    <ClInclude Include="UIManager.h">
      <Filter>Source Files\Engine\UI</Filter>
    </ClInclude>
    <ClInclude Include="UIPanel.h">
      <Filter>Source Files\Engine\UI</Filter>
    </ClInclude>
    <ClInclude Include="UIContainer.h">
      <Filter>Source Files\Engine\UI</Filter>
    </ClInclude>
    <ClInclude Include="UIContainerHorizontal.h">
      <Filter>Source Files\Engine\UI</Filter>
    </ClInclude>
    <ClInclude Include="UIContainerVertical.h">
      <Filter>Source Files\Engine\UI</Filter>
    </ClInclude>
    <ClInclude Include="UIWindow.h">
      <Filter>Source Files\Engine\UI</Filter>
    </ClInclude>
    <ClInclude Include="LogManager.h">
      <Filter>Source Files\Engine</Filter>
    </ClInclude>
    <ClInclude Include="GameUIManager.h">
      <Filter>Source Files\Game</Filter>
    </ClInclude>
    <ClInclude Include="UICheckBox.h">
      <Filter>Source Files\Engine\UI</Filter>
    </ClInclude>
    <ClInclude Include="UIMenuPanel.h">
      <Filter>Source Files\Engine\UI</Filter>
    </ClInclude>
    <ClInclude Include="ResourceManager.h">
      <Filter>Source Files\Engine</Filter>
    </ClInclude>
    <ClInclude Include="CameraManager.h">
      <Filter>Source Files\Engine</Filter>
    </ClInclude>
  </ItemGroup>
  <ItemGroup>
    <None Include="Color.frag">
      <Filter>Source Files\Engine\Shaders</Filter>
    </None>
    <None Include="Color.vert">
      <Filter>Source Files\Engine\Shaders</Filter>
    </None>
    <None Include="Light.frag">
      <Filter>Source Files\Engine\Shaders</Filter>
    </None>
    <None Include="Light.vert">
      <Filter>Source Files\Engine\Shaders</Filter>
    </None>
    <None Include="simple.frag">
      <Filter>Source Files\Engine\Shaders</Filter>
    </None>
    <None Include="simple.vert">
      <Filter>Source Files\Engine\Shaders</Filter>
    </None>
    <None Include="Lights.frag">
      <Filter>Source Files\Engine\Shaders</Filter>
    </None>
    <None Include="Lights.vert">
      <Filter>Source Files\Engine\Shaders</Filter>
    </None>
    <None Include="ModelLoading.frag">
      <Filter>Source Files\Engine\Shaders</Filter>
    </None>
    <None Include="ModelLoading.vert">
      <Filter>Source Files\Engine\Shaders</Filter>
    </None>
    <None Include="UI.vert">
      <Filter>Source Files\Engine\Shaders</Filter>
    </None>
    <None Include="UI.frag">
      <Filter>Source Files\Engine\Shaders</Filter>
    </None>
    <None Include="UITexture.frag">
      <Filter>Source Files\Engine\Shaders</Filter>
    </None>
    <None Include="UITexture.vert">
      <Filter>Source Files\Engine\Shaders</Filter>
    </None>
  </ItemGroup>
</Project>